
Microsoft Visual Studio Solution File, Format Version 12.00
# Visual Studio Version 17
VisualStudioVersion = 17.0.31903.59
MinimumVisualStudioVersion = 10.0.40219.1
Project("{FAE04EC0-301F-11D3-BF4B-00C04F79EFBC}") = "process-manipulator", "process-manipulator\process-manipulator.csproj", "{0A223B2D-721F-423E-A9B9-D3CD151F0AAD}"
EndProject
Project("{FAE04EC0-301F-11D3-BF4B-00C04F79EFBC}") = "app-domain", "app-domain\app-domain.csproj", "{E762A20E-1F53-4B33-B5C3-44D5646C86A9}"
EndProject
Global
	GlobalSection(SolutionConfigurationPlatforms) = preSolution
		Debug|Any CPU = Debug|Any CPU
		Release|Any CPU = Release|Any CPU
	EndGlobalSection
	GlobalSection(SolutionProperties) = preSolution
		HideSolutionNode = FALSE
	EndGlobalSection
	GlobalSection(ProjectConfigurationPlatforms) = postSolution
		{0A223B2D-721F-423E-A9B9-D3CD151F0AAD}.Debug|Any CPU.ActiveCfg = Debug|Any CPU
		{0A223B2D-721F-423E-A9B9-D3CD151F0AAD}.Debug|Any CPU.Build.0 = Debug|Any CPU
		{0A223B2D-721F-423E-A9B9-D3CD151F0AAD}.Release|Any CPU.ActiveCfg = Release|Any CPU
		{0A223B2D-721F-423E-A9B9-D3CD151F0AAD}.Release|Any CPU.Build.0 = Release|Any CPU
		{E762A20E-1F53-4B33-B5C3-44D5646C86A9}.Debug|Any CPU.ActiveCfg = Debug|Any CPU
		{E762A20E-1F53-4B33-B5C3-44D5646C86A9}.Debug|Any CPU.Build.0 = Debug|Any CPU
		{E762A20E-1F53-4B33-B5C3-44D5646C86A9}.Release|Any CPU.ActiveCfg = Release|Any CPU
		{E762A20E-1F53-4B33-B5C3-44D5646C86A9}.Release|Any CPU.Build.0 = Release|Any CPU
	EndGlobalSection
EndGlobal
