
Microsoft Visual Studio Solution File, Format Version 12.00
# Visual Studio Version 17
VisualStudioVersion = 17.0.31903.59
MinimumVisualStudioVersion = 10.0.40219.1
Project("{FAE04EC0-301F-11D3-BF4B-00C04F79EFBC}") = "custom-interfaces", "custom-interfaces\custom-interfaces.csproj", "{30C724C3-192C-4F77-BA4F-DC2D5F39E469}"
EndProject
Project("{FAE04EC0-301F-11D3-BF4B-00C04F79EFBC}") = "interface-hierarchies", "interface-hierarchies\interface-hierarchies.csproj", "{D4C0A9D0-6CB8-44DD-B44E-CBB193EA86FF}"
EndProject
Project("{FAE04EC0-301F-11D3-BF4B-00C04F79EFBC}") = "default-implementations", "default-implementations\default-implementations.csproj", "{576579BC-BA93-4713-B559-F99660676C83}"
EndProject
Project("{FAE04EC0-301F-11D3-BF4B-00C04F79EFBC}") = "custom-enumerator", "custom-enumerator\custom-enumerator.csproj", "{D75CF004-CC0B-4FA0-B749-A46BA7A5F75B}"
EndProject
Project("{FAE04EC0-301F-11D3-BF4B-00C04F79EFBC}") = "yield-return-pattern", "yield-return-pattern\yield-return-pattern.csproj", "{C5991FA6-6DDE-48C0-A2AB-08064837E190}"
EndProject
Project("{FAE04EC0-301F-11D3-BF4B-00C04F79EFBC}") = "clonable-interface", "clonable-interface\clonable-interface.csproj", "{87B1FDA7-022C-41C9-82A8-C2F2E3A5C16C}"
EndProject
Project("{FAE04EC0-301F-11D3-BF4B-00C04F79EFBC}") = "comparable-interface", "comparable-interface\comparable-interface.csproj", "{025ACFA0-BD3A-4D9F-9F98-365527F08DC4}"
EndProject
Global
	GlobalSection(SolutionConfigurationPlatforms) = preSolution
		Debug|Any CPU = Debug|Any CPU
		Release|Any CPU = Release|Any CPU
	EndGlobalSection
	GlobalSection(ProjectConfigurationPlatforms) = postSolution
		{30C724C3-192C-4F77-BA4F-DC2D5F39E469}.Debug|Any CPU.ActiveCfg = Debug|Any CPU
		{30C724C3-192C-4F77-BA4F-DC2D5F39E469}.Debug|Any CPU.Build.0 = Debug|Any CPU
		{30C724C3-192C-4F77-BA4F-DC2D5F39E469}.Release|Any CPU.ActiveCfg = Release|Any CPU
		{30C724C3-192C-4F77-BA4F-DC2D5F39E469}.Release|Any CPU.Build.0 = Release|Any CPU
		{D4C0A9D0-6CB8-44DD-B44E-CBB193EA86FF}.Debug|Any CPU.ActiveCfg = Debug|Any CPU
		{D4C0A9D0-6CB8-44DD-B44E-CBB193EA86FF}.Debug|Any CPU.Build.0 = Debug|Any CPU
		{D4C0A9D0-6CB8-44DD-B44E-CBB193EA86FF}.Release|Any CPU.ActiveCfg = Release|Any CPU
		{D4C0A9D0-6CB8-44DD-B44E-CBB193EA86FF}.Release|Any CPU.Build.0 = Release|Any CPU
		{576579BC-BA93-4713-B559-F99660676C83}.Debug|Any CPU.ActiveCfg = Debug|Any CPU
		{576579BC-BA93-4713-B559-F99660676C83}.Debug|Any CPU.Build.0 = Debug|Any CPU
		{576579BC-BA93-4713-B559-F99660676C83}.Release|Any CPU.ActiveCfg = Release|Any CPU
		{576579BC-BA93-4713-B559-F99660676C83}.Release|Any CPU.Build.0 = Release|Any CPU
		{D75CF004-CC0B-4FA0-B749-A46BA7A5F75B}.Debug|Any CPU.ActiveCfg = Debug|Any CPU
		{D75CF004-CC0B-4FA0-B749-A46BA7A5F75B}.Debug|Any CPU.Build.0 = Debug|Any CPU
		{D75CF004-CC0B-4FA0-B749-A46BA7A5F75B}.Release|Any CPU.ActiveCfg = Release|Any CPU
		{D75CF004-CC0B-4FA0-B749-A46BA7A5F75B}.Release|Any CPU.Build.0 = Release|Any CPU
		{C5991FA6-6DDE-48C0-A2AB-08064837E190}.Debug|Any CPU.ActiveCfg = Debug|Any CPU
		{C5991FA6-6DDE-48C0-A2AB-08064837E190}.Debug|Any CPU.Build.0 = Debug|Any CPU
		{C5991FA6-6DDE-48C0-A2AB-08064837E190}.Release|Any CPU.ActiveCfg = Release|Any CPU
		{C5991FA6-6DDE-48C0-A2AB-08064837E190}.Release|Any CPU.Build.0 = Release|Any CPU
		{87B1FDA7-022C-41C9-82A8-C2F2E3A5C16C}.Debug|Any CPU.ActiveCfg = Debug|Any CPU
		{87B1FDA7-022C-41C9-82A8-C2F2E3A5C16C}.Debug|Any CPU.Build.0 = Debug|Any CPU
		{87B1FDA7-022C-41C9-82A8-C2F2E3A5C16C}.Release|Any CPU.ActiveCfg = Release|Any CPU
		{87B1FDA7-022C-41C9-82A8-C2F2E3A5C16C}.Release|Any CPU.Build.0 = Release|Any CPU
		{025ACFA0-BD3A-4D9F-9F98-365527F08DC4}.Debug|Any CPU.ActiveCfg = Debug|Any CPU
		{025ACFA0-BD3A-4D9F-9F98-365527F08DC4}.Debug|Any CPU.Build.0 = Debug|Any CPU
		{025ACFA0-BD3A-4D9F-9F98-365527F08DC4}.Release|Any CPU.ActiveCfg = Release|Any CPU
		{025ACFA0-BD3A-4D9F-9F98-365527F08DC4}.Release|Any CPU.Build.0 = Release|Any CPU
	EndGlobalSection
	GlobalSection(SolutionProperties) = preSolution
		HideSolutionNode = FALSE
	EndGlobalSection
EndGlobal
