
Microsoft Visual Studio Solution File, Format Version 12.00
# Visual Studio Version 17
VisualStudioVersion = 17.0.31903.59
MinimumVisualStudioVersion = 10.0.40219.1
Project("{FAE04EC0-301F-11D3-BF4B-00C04F79EFBC}") = "test", "test\test.csproj", "{7CC43A68-ED64-4965-B42A-0B344ABEED7C}"
EndProject
Project("{FAE04EC0-301F-11D3-BF4B-00C04F79EFBC}") = "basic-connections", "basic-connections\basic-connections.csproj", "{8BC2AB97-B658-46F5-BF56-3ECA474B9BDE}"
EndProject
Global
	GlobalSection(SolutionConfigurationPlatforms) = preSolution
		Debug|Any CPU = Debug|Any CPU
		Release|Any CPU = Release|Any CPU
	EndGlobalSection
	GlobalSection(SolutionProperties) = preSolution
		HideSolutionNode = FALSE
	EndGlobalSection
	GlobalSection(ProjectConfigurationPlatforms) = postSolution
		{7CC43A68-ED64-4965-B42A-0B344ABEED7C}.Debug|Any CPU.ActiveCfg = Debug|Any CPU
		{7CC43A68-ED64-4965-B42A-0B344ABEED7C}.Debug|Any CPU.Build.0 = Debug|Any CPU
		{7CC43A68-ED64-4965-B42A-0B344ABEED7C}.Release|Any CPU.ActiveCfg = Release|Any CPU
		{7CC43A68-ED64-4965-B42A-0B344ABEED7C}.Release|Any CPU.Build.0 = Release|Any CPU
		{8BC2AB97-B658-46F5-BF56-3ECA474B9BDE}.Debug|Any CPU.ActiveCfg = Debug|Any CPU
		{8BC2AB97-B658-46F5-BF56-3ECA474B9BDE}.Debug|Any CPU.Build.0 = Debug|Any CPU
		{8BC2AB97-B658-46F5-BF56-3ECA474B9BDE}.Release|Any CPU.ActiveCfg = Release|Any CPU
		{8BC2AB97-B658-46F5-BF56-3ECA474B9BDE}.Release|Any CPU.Build.0 = Release|Any CPU
	EndGlobalSection
EndGlobal
