
Microsoft Visual Studio Solution File, Format Version 12.00
# Visual Studio Version 17
VisualStudioVersion = 17.11.35327.3
MinimumVisualStudioVersion = 10.0.40219.1
Project("{9A19103F-16F7-4668-BE54-9A1E7A4F7556}") = "basic-class", "basic-class\basic-class.csproj", "{6BE95481-E63D-4EAE-A4A4-DCDA6ADB6B99}"
EndProject
Project("{9A19103F-16F7-4668-BE54-9A1E7A4F7556}") = "constructors", "constructors\constructors.csproj", "{6F6A7FA7-D571-4F1A-A0EC-FA7315EA5633}"
EndProject
Project("{9A19103F-16F7-4668-BE54-9A1E7A4F7556}") = "constructors-chaining", "constructors-chaining\constructors-chaining.csproj", "{640E168A-09D7-4F3B-805D-4A74066E31D3}"
EndProject
Project("{9A19103F-16F7-4668-BE54-9A1E7A4F7556}") = "static-keyword", "static-keyword\static-keyword.csproj", "{19388FE8-4A92-4CF3-BF19-6D64E30FD772}"
EndProject
Project("{9A19103F-16F7-4668-BE54-9A1E7A4F7556}") = "static-constructors", "static-constructors\static-constructors.csproj", "{7F12120F-AE8D-4707-B832-F3043253A356}"
EndProject
Project("{9A19103F-16F7-4668-BE54-9A1E7A4F7556}") = "static-classes", "static-classes\static-classes.csproj", "{FE23FCA1-F3F9-4100-BBE8-2C3BF99A8534}"
EndProject
Project("{9A19103F-16F7-4668-BE54-9A1E7A4F7556}") = "inheritance", "inheritance\inheritance.csproj", "{A1AFB3BC-978A-4C51-9C77-505C4116934B}"
EndProject
Project("{9A19103F-16F7-4668-BE54-9A1E7A4F7556}") = "polymorphism", "polymorphism\polymorphism.csproj", "{EA4B9D0B-A5B6-47DF-AE52-670B451FBC0C}"
EndProject
Project("{9A19103F-16F7-4668-BE54-9A1E7A4F7556}") = "access-modifiers", "access-modifiers\access-modifiers.csproj", "{2271AA36-A168-419B-AF8D-DCC64FE4E06B}"
EndProject
Project("{9A19103F-16F7-4668-BE54-9A1E7A4F7556}") = "encapsulation-using-properties", "encapsulation-using-properties\encapsulation-using-properties.csproj", "{785A5D25-20D3-4C77-BDAE-69B3307758B4}"
EndProject
Project("{9A19103F-16F7-4668-BE54-9A1E7A4F7556}") = "static-properties", "static-properties\static-properties.csproj", "{90C55603-BBE0-4E2E-BD77-97378D7D13F6}"
EndProject
Project("{9A19103F-16F7-4668-BE54-9A1E7A4F7556}") = "automatic-properties", "automatic-properties\automatic-properties.csproj", "{A345F869-4552-441A-8A40-24D7ACF824AD}"
EndProject
Project("{FAE04EC0-301F-11D3-BF4B-00C04F79EFBC}") = "objects-initializers", "objects-initializers\objects-initializers.csproj", "{3A77BA83-DB97-46ED-9725-C173202E7DD3}"
EndProject
Project("{FAE04EC0-301F-11D3-BF4B-00C04F79EFBC}") = "constant-data", "constant-data\constant-data.csproj", "{D78FA791-04E0-4BC4-99AA-CFDAD136B627}"
EndProject
Project("{FAE04EC0-301F-11D3-BF4B-00C04F79EFBC}") = "readonly-fields", "readonly-fields\readonly-fields.csproj", "{ED983122-6663-4725-92FC-3ED6E4DB9085}"
EndProject
Project("{FAE04EC0-301F-11D3-BF4B-00C04F79EFBC}") = "partial-classes", "partial-classes\partial-classes.csproj", "{6336E848-4019-4404-AC86-1E88F78F83F2}"
EndProject
Project("{FAE04EC0-301F-11D3-BF4B-00C04F79EFBC}") = "records", "records\records.csproj", "{23E9785B-8CE9-4352-BDBA-9D6B252AB120}"
EndProject
Global
	GlobalSection(SolutionConfigurationPlatforms) = preSolution
		Debug|Any CPU = Debug|Any CPU
		Release|Any CPU = Release|Any CPU
	EndGlobalSection
	GlobalSection(ProjectConfigurationPlatforms) = postSolution
		{6BE95481-E63D-4EAE-A4A4-DCDA6ADB6B99}.Debug|Any CPU.ActiveCfg = Debug|Any CPU
		{6BE95481-E63D-4EAE-A4A4-DCDA6ADB6B99}.Debug|Any CPU.Build.0 = Debug|Any CPU
		{6BE95481-E63D-4EAE-A4A4-DCDA6ADB6B99}.Release|Any CPU.ActiveCfg = Release|Any CPU
		{6BE95481-E63D-4EAE-A4A4-DCDA6ADB6B99}.Release|Any CPU.Build.0 = Release|Any CPU
		{6F6A7FA7-D571-4F1A-A0EC-FA7315EA5633}.Debug|Any CPU.ActiveCfg = Debug|Any CPU
		{6F6A7FA7-D571-4F1A-A0EC-FA7315EA5633}.Debug|Any CPU.Build.0 = Debug|Any CPU
		{6F6A7FA7-D571-4F1A-A0EC-FA7315EA5633}.Release|Any CPU.ActiveCfg = Release|Any CPU
		{6F6A7FA7-D571-4F1A-A0EC-FA7315EA5633}.Release|Any CPU.Build.0 = Release|Any CPU
		{640E168A-09D7-4F3B-805D-4A74066E31D3}.Debug|Any CPU.ActiveCfg = Debug|Any CPU
		{640E168A-09D7-4F3B-805D-4A74066E31D3}.Debug|Any CPU.Build.0 = Debug|Any CPU
		{640E168A-09D7-4F3B-805D-4A74066E31D3}.Release|Any CPU.ActiveCfg = Release|Any CPU
		{640E168A-09D7-4F3B-805D-4A74066E31D3}.Release|Any CPU.Build.0 = Release|Any CPU
		{19388FE8-4A92-4CF3-BF19-6D64E30FD772}.Debug|Any CPU.ActiveCfg = Debug|Any CPU
		{19388FE8-4A92-4CF3-BF19-6D64E30FD772}.Debug|Any CPU.Build.0 = Debug|Any CPU
		{19388FE8-4A92-4CF3-BF19-6D64E30FD772}.Release|Any CPU.ActiveCfg = Release|Any CPU
		{19388FE8-4A92-4CF3-BF19-6D64E30FD772}.Release|Any CPU.Build.0 = Release|Any CPU
		{7F12120F-AE8D-4707-B832-F3043253A356}.Debug|Any CPU.ActiveCfg = Debug|Any CPU
		{7F12120F-AE8D-4707-B832-F3043253A356}.Debug|Any CPU.Build.0 = Debug|Any CPU
		{7F12120F-AE8D-4707-B832-F3043253A356}.Release|Any CPU.ActiveCfg = Release|Any CPU
		{7F12120F-AE8D-4707-B832-F3043253A356}.Release|Any CPU.Build.0 = Release|Any CPU
		{FE23FCA1-F3F9-4100-BBE8-2C3BF99A8534}.Debug|Any CPU.ActiveCfg = Debug|Any CPU
		{FE23FCA1-F3F9-4100-BBE8-2C3BF99A8534}.Debug|Any CPU.Build.0 = Debug|Any CPU
		{FE23FCA1-F3F9-4100-BBE8-2C3BF99A8534}.Release|Any CPU.ActiveCfg = Release|Any CPU
		{FE23FCA1-F3F9-4100-BBE8-2C3BF99A8534}.Release|Any CPU.Build.0 = Release|Any CPU
		{A1AFB3BC-978A-4C51-9C77-505C4116934B}.Debug|Any CPU.ActiveCfg = Debug|Any CPU
		{A1AFB3BC-978A-4C51-9C77-505C4116934B}.Debug|Any CPU.Build.0 = Debug|Any CPU
		{A1AFB3BC-978A-4C51-9C77-505C4116934B}.Release|Any CPU.ActiveCfg = Release|Any CPU
		{A1AFB3BC-978A-4C51-9C77-505C4116934B}.Release|Any CPU.Build.0 = Release|Any CPU
		{EA4B9D0B-A5B6-47DF-AE52-670B451FBC0C}.Debug|Any CPU.ActiveCfg = Debug|Any CPU
		{EA4B9D0B-A5B6-47DF-AE52-670B451FBC0C}.Debug|Any CPU.Build.0 = Debug|Any CPU
		{EA4B9D0B-A5B6-47DF-AE52-670B451FBC0C}.Release|Any CPU.ActiveCfg = Release|Any CPU
		{EA4B9D0B-A5B6-47DF-AE52-670B451FBC0C}.Release|Any CPU.Build.0 = Release|Any CPU
		{2271AA36-A168-419B-AF8D-DCC64FE4E06B}.Debug|Any CPU.ActiveCfg = Debug|Any CPU
		{2271AA36-A168-419B-AF8D-DCC64FE4E06B}.Debug|Any CPU.Build.0 = Debug|Any CPU
		{2271AA36-A168-419B-AF8D-DCC64FE4E06B}.Release|Any CPU.ActiveCfg = Release|Any CPU
		{2271AA36-A168-419B-AF8D-DCC64FE4E06B}.Release|Any CPU.Build.0 = Release|Any CPU
		{785A5D25-20D3-4C77-BDAE-69B3307758B4}.Debug|Any CPU.ActiveCfg = Debug|Any CPU
		{785A5D25-20D3-4C77-BDAE-69B3307758B4}.Debug|Any CPU.Build.0 = Debug|Any CPU
		{785A5D25-20D3-4C77-BDAE-69B3307758B4}.Release|Any CPU.ActiveCfg = Release|Any CPU
		{785A5D25-20D3-4C77-BDAE-69B3307758B4}.Release|Any CPU.Build.0 = Release|Any CPU
		{90C55603-BBE0-4E2E-BD77-97378D7D13F6}.Debug|Any CPU.ActiveCfg = Debug|Any CPU
		{90C55603-BBE0-4E2E-BD77-97378D7D13F6}.Debug|Any CPU.Build.0 = Debug|Any CPU
		{90C55603-BBE0-4E2E-BD77-97378D7D13F6}.Release|Any CPU.ActiveCfg = Release|Any CPU
		{90C55603-BBE0-4E2E-BD77-97378D7D13F6}.Release|Any CPU.Build.0 = Release|Any CPU
		{A345F869-4552-441A-8A40-24D7ACF824AD}.Debug|Any CPU.ActiveCfg = Debug|Any CPU
		{A345F869-4552-441A-8A40-24D7ACF824AD}.Debug|Any CPU.Build.0 = Debug|Any CPU
		{A345F869-4552-441A-8A40-24D7ACF824AD}.Release|Any CPU.ActiveCfg = Release|Any CPU
		{A345F869-4552-441A-8A40-24D7ACF824AD}.Release|Any CPU.Build.0 = Release|Any CPU
		{3A77BA83-DB97-46ED-9725-C173202E7DD3}.Debug|Any CPU.ActiveCfg = Debug|Any CPU
		{3A77BA83-DB97-46ED-9725-C173202E7DD3}.Debug|Any CPU.Build.0 = Debug|Any CPU
		{3A77BA83-DB97-46ED-9725-C173202E7DD3}.Release|Any CPU.ActiveCfg = Release|Any CPU
		{3A77BA83-DB97-46ED-9725-C173202E7DD3}.Release|Any CPU.Build.0 = Release|Any CPU
		{D78FA791-04E0-4BC4-99AA-CFDAD136B627}.Debug|Any CPU.ActiveCfg = Debug|Any CPU
		{D78FA791-04E0-4BC4-99AA-CFDAD136B627}.Debug|Any CPU.Build.0 = Debug|Any CPU
		{D78FA791-04E0-4BC4-99AA-CFDAD136B627}.Release|Any CPU.ActiveCfg = Release|Any CPU
		{D78FA791-04E0-4BC4-99AA-CFDAD136B627}.Release|Any CPU.Build.0 = Release|Any CPU
		{ED983122-6663-4725-92FC-3ED6E4DB9085}.Debug|Any CPU.ActiveCfg = Debug|Any CPU
		{ED983122-6663-4725-92FC-3ED6E4DB9085}.Debug|Any CPU.Build.0 = Debug|Any CPU
		{ED983122-6663-4725-92FC-3ED6E4DB9085}.Release|Any CPU.ActiveCfg = Release|Any CPU
		{ED983122-6663-4725-92FC-3ED6E4DB9085}.Release|Any CPU.Build.0 = Release|Any CPU
		{6336E848-4019-4404-AC86-1E88F78F83F2}.Debug|Any CPU.ActiveCfg = Debug|Any CPU
		{6336E848-4019-4404-AC86-1E88F78F83F2}.Debug|Any CPU.Build.0 = Debug|Any CPU
		{6336E848-4019-4404-AC86-1E88F78F83F2}.Release|Any CPU.ActiveCfg = Release|Any CPU
		{6336E848-4019-4404-AC86-1E88F78F83F2}.Release|Any CPU.Build.0 = Release|Any CPU
		{23E9785B-8CE9-4352-BDBA-9D6B252AB120}.Debug|Any CPU.ActiveCfg = Debug|Any CPU
		{23E9785B-8CE9-4352-BDBA-9D6B252AB120}.Debug|Any CPU.Build.0 = Debug|Any CPU
		{23E9785B-8CE9-4352-BDBA-9D6B252AB120}.Release|Any CPU.ActiveCfg = Release|Any CPU
		{23E9785B-8CE9-4352-BDBA-9D6B252AB120}.Release|Any CPU.Build.0 = Release|Any CPU
	EndGlobalSection
	GlobalSection(SolutionProperties) = preSolution
		HideSolutionNode = FALSE
	EndGlobalSection
	GlobalSection(ExtensibilityGlobals) = postSolution
		SolutionGuid = {F6A2A984-83C0-4A58-80F9-55940F0CD1AB}
	EndGlobalSection
EndGlobal
