
Microsoft Visual Studio Solution File, Format Version 12.00
# Visual Studio Version 17
VisualStudioVersion = 17.0.31903.59
MinimumVisualStudioVersion = 10.0.40219.1
Project("{FAE04EC0-301F-11D3-BF4B-00C04F79EFBC}") = "throw-exception", "throw-exception\throw-exception.csproj", "{4AEE0732-2469-4931-B57E-A3CAFE60B8E9}"
EndProject
Project("{FAE04EC0-301F-11D3-BF4B-00C04F79EFBC}") = "catch-exception", "catch-exception\catch-exception.csproj", "{BA3C88E0-0464-4528-A214-031300B2F5E2}"
EndProject
Project("{FAE04EC0-301F-11D3-BF4B-00C04F79EFBC}") = "building-exceptions", "building-exceptions\building-exceptions.csproj", "{61A12A2D-9C2B-4F2D-875F-C62E9F3D10B4}"
EndProject
Global
	GlobalSection(SolutionConfigurationPlatforms) = preSolution
		Debug|Any CPU = Debug|Any CPU
		Release|Any CPU = Release|Any CPU
	EndGlobalSection
	GlobalSection(ProjectConfigurationPlatforms) = postSolution
		{4AEE0732-2469-4931-B57E-A3CAFE60B8E9}.Debug|Any CPU.ActiveCfg = Debug|Any CPU
		{4AEE0732-2469-4931-B57E-A3CAFE60B8E9}.Debug|Any CPU.Build.0 = Debug|Any CPU
		{4AEE0732-2469-4931-B57E-A3CAFE60B8E9}.Release|Any CPU.ActiveCfg = Release|Any CPU
		{4AEE0732-2469-4931-B57E-A3CAFE60B8E9}.Release|Any CPU.Build.0 = Release|Any CPU
		{BA3C88E0-0464-4528-A214-031300B2F5E2}.Debug|Any CPU.ActiveCfg = Debug|Any CPU
		{BA3C88E0-0464-4528-A214-031300B2F5E2}.Debug|Any CPU.Build.0 = Debug|Any CPU
		{BA3C88E0-0464-4528-A214-031300B2F5E2}.Release|Any CPU.ActiveCfg = Release|Any CPU
		{BA3C88E0-0464-4528-A214-031300B2F5E2}.Release|Any CPU.Build.0 = Release|Any CPU
		{61A12A2D-9C2B-4F2D-875F-C62E9F3D10B4}.Debug|Any CPU.ActiveCfg = Debug|Any CPU
		{61A12A2D-9C2B-4F2D-875F-C62E9F3D10B4}.Debug|Any CPU.Build.0 = Debug|Any CPU
		{61A12A2D-9C2B-4F2D-875F-C62E9F3D10B4}.Release|Any CPU.ActiveCfg = Release|Any CPU
		{61A12A2D-9C2B-4F2D-875F-C62E9F3D10B4}.Release|Any CPU.Build.0 = Release|Any CPU
	EndGlobalSection
	GlobalSection(SolutionProperties) = preSolution
		HideSolutionNode = FALSE
	EndGlobalSection
EndGlobal
