
Microsoft Visual Studio Solution File, Format Version 12.00
# Visual Studio Version 17
VisualStudioVersion = 17.11.35327.3
MinimumVisualStudioVersion = 10.0.40219.1
Project("{9A19103F-16F7-4668-BE54-9A1E7A4F7556}") = "with-top-level-statement", "with-top-level-statement\with-top-level-statement.csproj", "{0B6227BB-4CEB-42FE-A96A-279F8410A002}"
EndProject
Project("{9A19103F-16F7-4668-BE54-9A1E7A4F7556}") = "without-top-level-statement", "without-top-level-statement\without-top-level-statement.csproj", "{E935CE35-F5B2-4F7C-9E29-BA4466883603}"
EndProject
Project("{9A19103F-16F7-4668-BE54-9A1E7A4F7556}") = "returning-value", "returning-value\returning-value.csproj", "{421EB227-93C4-494E-923B-200120545BCA}"
EndProject
Project("{9A19103F-16F7-4668-BE54-9A1E7A4F7556}") = "command-line-arguments", "command-line-arguments\command-line-arguments.csproj", "{BAFF9D72-6913-4321-B0F3-39BF9034D7CB}"
EndProject
Project("{9A19103F-16F7-4668-BE54-9A1E7A4F7556}") = "console-input-output", "console-input-output\console-input-output.csproj", "{8A0FA42A-60E4-4066-8B91-C878BF1CFDF8}"
EndProject
Project("{9A19103F-16F7-4668-BE54-9A1E7A4F7556}") = "string-formatting", "string-formatting\string-formatting.csproj", "{0CCA9741-930A-4B52-BCE5-7F3B1EC43000}"
EndProject
Project("{9A19103F-16F7-4668-BE54-9A1E7A4F7556}") = "basic-data-types", "basic-data-types\basic-data-types.csproj", "{6CF4201B-84DE-4FB3-BA8F-F0D3AFCF0437}"
EndProject
Project("{9A19103F-16F7-4668-BE54-9A1E7A4F7556}") = "numerical-values", "numerical-values\numerical-values.csproj", "{7C040585-93FA-4DDF-ACB3-2784DFB670D9}"
EndProject
Project("{9A19103F-16F7-4668-BE54-9A1E7A4F7556}") = "char-functionalities", "char-functionalities\char-functionalities.csproj", "{E44A6CE7-D81D-4132-B4F4-E44573782718}"
EndProject
Project("{9A19103F-16F7-4668-BE54-9A1E7A4F7556}") = "parsing", "parsing\parsing.csproj", "{77E61698-1C34-4E07-9DEC-7B0F4854F58E}"
EndProject
Project("{9A19103F-16F7-4668-BE54-9A1E7A4F7556}") = "dates-and-time", "dates-and-time\dates-and-time.csproj", "{571475B0-0101-49A5-8547-04593D467108}"
EndProject
Project("{9A19103F-16F7-4668-BE54-9A1E7A4F7556}") = "string-funcionalities", "string-funcionalities\string-funcionalities.csproj", "{234E41AD-3887-4EEE-8D0A-8406D7A6E597}"
EndProject
Project("{9A19103F-16F7-4668-BE54-9A1E7A4F7556}") = "strings-equality", "strings-equality\strings-equality.csproj", "{C9F0D436-BDE6-4C63-845C-D070365668E3}"
EndProject
Project("{9A19103F-16F7-4668-BE54-9A1E7A4F7556}") = "string-builder", "string-builder\string-builder.csproj", "{8E9AF1BD-6D7D-4E5D-B8D7-F78E13F858E8}"
EndProject
Project("{9A19103F-16F7-4668-BE54-9A1E7A4F7556}") = "type-conversions", "type-conversions\type-conversions.csproj", "{D2512D9D-BAEC-4E45-95B3-D058ABF75192}"
EndProject
Project("{9A19103F-16F7-4668-BE54-9A1E7A4F7556}") = "declaring-types", "declaring-types\declaring-types.csproj", "{B6A258C1-7271-4B58-BFDA-3BC0948D6AE4}"
EndProject
Project("{FAE04EC0-301F-11D3-BF4B-00C04F79EFBC}") = "loops", "loops\loops.csproj", "{81AC065F-0670-4D4B-901C-A28749D0A1DA}"
EndProject
Project("{FAE04EC0-301F-11D3-BF4B-00C04F79EFBC}") = "conditionals", "conditionals\conditionals.csproj", "{82CA459E-9B5A-43E1-AF82-D5460373F955}"
EndProject
Project("{FAE04EC0-301F-11D3-BF4B-00C04F79EFBC}") = "switch-statement", "switch-statement\switch-statement.csproj", "{9AB171FA-3E94-4045-AF13-466BDC29D863}"
EndProject
Project("{FAE04EC0-301F-11D3-BF4B-00C04F79EFBC}") = "switch-expressions", "switch-expressions\switch-expressions.csproj", "{1FCABE82-E427-4AE7-BF6D-83D38C900C93}"
EndProject
Project("{FAE04EC0-301F-11D3-BF4B-00C04F79EFBC}") = "narrowing-widening-conversions", "narrowing-widening-conversions\narrowing-widening-conversions.csproj", "{C0F7F586-2DFC-4244-A094-86BB6A4A3E5C}"
EndProject
Global
	GlobalSection(SolutionConfigurationPlatforms) = preSolution
		Debug|Any CPU = Debug|Any CPU
		Release|Any CPU = Release|Any CPU
	EndGlobalSection
	GlobalSection(ProjectConfigurationPlatforms) = postSolution
		{0B6227BB-4CEB-42FE-A96A-279F8410A002}.Debug|Any CPU.ActiveCfg = Debug|Any CPU
		{0B6227BB-4CEB-42FE-A96A-279F8410A002}.Debug|Any CPU.Build.0 = Debug|Any CPU
		{0B6227BB-4CEB-42FE-A96A-279F8410A002}.Release|Any CPU.ActiveCfg = Release|Any CPU
		{0B6227BB-4CEB-42FE-A96A-279F8410A002}.Release|Any CPU.Build.0 = Release|Any CPU
		{E935CE35-F5B2-4F7C-9E29-BA4466883603}.Debug|Any CPU.ActiveCfg = Debug|Any CPU
		{E935CE35-F5B2-4F7C-9E29-BA4466883603}.Debug|Any CPU.Build.0 = Debug|Any CPU
		{E935CE35-F5B2-4F7C-9E29-BA4466883603}.Release|Any CPU.ActiveCfg = Release|Any CPU
		{E935CE35-F5B2-4F7C-9E29-BA4466883603}.Release|Any CPU.Build.0 = Release|Any CPU
		{421EB227-93C4-494E-923B-200120545BCA}.Debug|Any CPU.ActiveCfg = Debug|Any CPU
		{421EB227-93C4-494E-923B-200120545BCA}.Debug|Any CPU.Build.0 = Debug|Any CPU
		{421EB227-93C4-494E-923B-200120545BCA}.Release|Any CPU.ActiveCfg = Release|Any CPU
		{421EB227-93C4-494E-923B-200120545BCA}.Release|Any CPU.Build.0 = Release|Any CPU
		{BAFF9D72-6913-4321-B0F3-39BF9034D7CB}.Debug|Any CPU.ActiveCfg = Debug|Any CPU
		{BAFF9D72-6913-4321-B0F3-39BF9034D7CB}.Debug|Any CPU.Build.0 = Debug|Any CPU
		{BAFF9D72-6913-4321-B0F3-39BF9034D7CB}.Release|Any CPU.ActiveCfg = Release|Any CPU
		{BAFF9D72-6913-4321-B0F3-39BF9034D7CB}.Release|Any CPU.Build.0 = Release|Any CPU
		{8A0FA42A-60E4-4066-8B91-C878BF1CFDF8}.Debug|Any CPU.ActiveCfg = Debug|Any CPU
		{8A0FA42A-60E4-4066-8B91-C878BF1CFDF8}.Debug|Any CPU.Build.0 = Debug|Any CPU
		{8A0FA42A-60E4-4066-8B91-C878BF1CFDF8}.Release|Any CPU.ActiveCfg = Release|Any CPU
		{8A0FA42A-60E4-4066-8B91-C878BF1CFDF8}.Release|Any CPU.Build.0 = Release|Any CPU
		{0CCA9741-930A-4B52-BCE5-7F3B1EC43000}.Debug|Any CPU.ActiveCfg = Debug|Any CPU
		{0CCA9741-930A-4B52-BCE5-7F3B1EC43000}.Debug|Any CPU.Build.0 = Debug|Any CPU
		{0CCA9741-930A-4B52-BCE5-7F3B1EC43000}.Release|Any CPU.ActiveCfg = Release|Any CPU
		{0CCA9741-930A-4B52-BCE5-7F3B1EC43000}.Release|Any CPU.Build.0 = Release|Any CPU
		{6CF4201B-84DE-4FB3-BA8F-F0D3AFCF0437}.Debug|Any CPU.ActiveCfg = Debug|Any CPU
		{6CF4201B-84DE-4FB3-BA8F-F0D3AFCF0437}.Debug|Any CPU.Build.0 = Debug|Any CPU
		{6CF4201B-84DE-4FB3-BA8F-F0D3AFCF0437}.Release|Any CPU.ActiveCfg = Release|Any CPU
		{6CF4201B-84DE-4FB3-BA8F-F0D3AFCF0437}.Release|Any CPU.Build.0 = Release|Any CPU
		{7C040585-93FA-4DDF-ACB3-2784DFB670D9}.Debug|Any CPU.ActiveCfg = Debug|Any CPU
		{7C040585-93FA-4DDF-ACB3-2784DFB670D9}.Debug|Any CPU.Build.0 = Debug|Any CPU
		{7C040585-93FA-4DDF-ACB3-2784DFB670D9}.Release|Any CPU.ActiveCfg = Release|Any CPU
		{7C040585-93FA-4DDF-ACB3-2784DFB670D9}.Release|Any CPU.Build.0 = Release|Any CPU
		{E44A6CE7-D81D-4132-B4F4-E44573782718}.Debug|Any CPU.ActiveCfg = Debug|Any CPU
		{E44A6CE7-D81D-4132-B4F4-E44573782718}.Debug|Any CPU.Build.0 = Debug|Any CPU
		{E44A6CE7-D81D-4132-B4F4-E44573782718}.Release|Any CPU.ActiveCfg = Release|Any CPU
		{E44A6CE7-D81D-4132-B4F4-E44573782718}.Release|Any CPU.Build.0 = Release|Any CPU
		{77E61698-1C34-4E07-9DEC-7B0F4854F58E}.Debug|Any CPU.ActiveCfg = Debug|Any CPU
		{77E61698-1C34-4E07-9DEC-7B0F4854F58E}.Debug|Any CPU.Build.0 = Debug|Any CPU
		{77E61698-1C34-4E07-9DEC-7B0F4854F58E}.Release|Any CPU.ActiveCfg = Release|Any CPU
		{77E61698-1C34-4E07-9DEC-7B0F4854F58E}.Release|Any CPU.Build.0 = Release|Any CPU
		{571475B0-0101-49A5-8547-04593D467108}.Debug|Any CPU.ActiveCfg = Debug|Any CPU
		{571475B0-0101-49A5-8547-04593D467108}.Debug|Any CPU.Build.0 = Debug|Any CPU
		{571475B0-0101-49A5-8547-04593D467108}.Release|Any CPU.ActiveCfg = Release|Any CPU
		{571475B0-0101-49A5-8547-04593D467108}.Release|Any CPU.Build.0 = Release|Any CPU
		{234E41AD-3887-4EEE-8D0A-8406D7A6E597}.Debug|Any CPU.ActiveCfg = Debug|Any CPU
		{234E41AD-3887-4EEE-8D0A-8406D7A6E597}.Debug|Any CPU.Build.0 = Debug|Any CPU
		{234E41AD-3887-4EEE-8D0A-8406D7A6E597}.Release|Any CPU.ActiveCfg = Release|Any CPU
		{234E41AD-3887-4EEE-8D0A-8406D7A6E597}.Release|Any CPU.Build.0 = Release|Any CPU
		{C9F0D436-BDE6-4C63-845C-D070365668E3}.Debug|Any CPU.ActiveCfg = Debug|Any CPU
		{C9F0D436-BDE6-4C63-845C-D070365668E3}.Debug|Any CPU.Build.0 = Debug|Any CPU
		{C9F0D436-BDE6-4C63-845C-D070365668E3}.Release|Any CPU.ActiveCfg = Release|Any CPU
		{C9F0D436-BDE6-4C63-845C-D070365668E3}.Release|Any CPU.Build.0 = Release|Any CPU
		{8E9AF1BD-6D7D-4E5D-B8D7-F78E13F858E8}.Debug|Any CPU.ActiveCfg = Debug|Any CPU
		{8E9AF1BD-6D7D-4E5D-B8D7-F78E13F858E8}.Debug|Any CPU.Build.0 = Debug|Any CPU
		{8E9AF1BD-6D7D-4E5D-B8D7-F78E13F858E8}.Release|Any CPU.ActiveCfg = Release|Any CPU
		{8E9AF1BD-6D7D-4E5D-B8D7-F78E13F858E8}.Release|Any CPU.Build.0 = Release|Any CPU
		{D2512D9D-BAEC-4E45-95B3-D058ABF75192}.Debug|Any CPU.ActiveCfg = Debug|Any CPU
		{D2512D9D-BAEC-4E45-95B3-D058ABF75192}.Debug|Any CPU.Build.0 = Debug|Any CPU
		{D2512D9D-BAEC-4E45-95B3-D058ABF75192}.Release|Any CPU.ActiveCfg = Release|Any CPU
		{D2512D9D-BAEC-4E45-95B3-D058ABF75192}.Release|Any CPU.Build.0 = Release|Any CPU
		{B6A258C1-7271-4B58-BFDA-3BC0948D6AE4}.Debug|Any CPU.ActiveCfg = Debug|Any CPU
		{B6A258C1-7271-4B58-BFDA-3BC0948D6AE4}.Debug|Any CPU.Build.0 = Debug|Any CPU
		{B6A258C1-7271-4B58-BFDA-3BC0948D6AE4}.Release|Any CPU.ActiveCfg = Release|Any CPU
		{B6A258C1-7271-4B58-BFDA-3BC0948D6AE4}.Release|Any CPU.Build.0 = Release|Any CPU
		{81AC065F-0670-4D4B-901C-A28749D0A1DA}.Debug|Any CPU.ActiveCfg = Debug|Any CPU
		{81AC065F-0670-4D4B-901C-A28749D0A1DA}.Debug|Any CPU.Build.0 = Debug|Any CPU
		{81AC065F-0670-4D4B-901C-A28749D0A1DA}.Release|Any CPU.ActiveCfg = Release|Any CPU
		{81AC065F-0670-4D4B-901C-A28749D0A1DA}.Release|Any CPU.Build.0 = Release|Any CPU
		{82CA459E-9B5A-43E1-AF82-D5460373F955}.Debug|Any CPU.ActiveCfg = Debug|Any CPU
		{82CA459E-9B5A-43E1-AF82-D5460373F955}.Debug|Any CPU.Build.0 = Debug|Any CPU
		{82CA459E-9B5A-43E1-AF82-D5460373F955}.Release|Any CPU.ActiveCfg = Release|Any CPU
		{82CA459E-9B5A-43E1-AF82-D5460373F955}.Release|Any CPU.Build.0 = Release|Any CPU
		{9AB171FA-3E94-4045-AF13-466BDC29D863}.Debug|Any CPU.ActiveCfg = Debug|Any CPU
		{9AB171FA-3E94-4045-AF13-466BDC29D863}.Debug|Any CPU.Build.0 = Debug|Any CPU
		{9AB171FA-3E94-4045-AF13-466BDC29D863}.Release|Any CPU.ActiveCfg = Release|Any CPU
		{9AB171FA-3E94-4045-AF13-466BDC29D863}.Release|Any CPU.Build.0 = Release|Any CPU
		{1FCABE82-E427-4AE7-BF6D-83D38C900C93}.Debug|Any CPU.ActiveCfg = Debug|Any CPU
		{1FCABE82-E427-4AE7-BF6D-83D38C900C93}.Debug|Any CPU.Build.0 = Debug|Any CPU
		{1FCABE82-E427-4AE7-BF6D-83D38C900C93}.Release|Any CPU.ActiveCfg = Release|Any CPU
		{1FCABE82-E427-4AE7-BF6D-83D38C900C93}.Release|Any CPU.Build.0 = Release|Any CPU
		{C0F7F586-2DFC-4244-A094-86BB6A4A3E5C}.Debug|Any CPU.ActiveCfg = Debug|Any CPU
		{C0F7F586-2DFC-4244-A094-86BB6A4A3E5C}.Debug|Any CPU.Build.0 = Debug|Any CPU
		{C0F7F586-2DFC-4244-A094-86BB6A4A3E5C}.Release|Any CPU.ActiveCfg = Release|Any CPU
		{C0F7F586-2DFC-4244-A094-86BB6A4A3E5C}.Release|Any CPU.Build.0 = Release|Any CPU
	EndGlobalSection
	GlobalSection(SolutionProperties) = preSolution
		HideSolutionNode = FALSE
	EndGlobalSection
	GlobalSection(ExtensibilityGlobals) = postSolution
		SolutionGuid = {876688F8-7AD3-4E22-845D-69A48660F843}
	EndGlobalSection
EndGlobal
