
Microsoft Visual Studio Solution File, Format Version 12.00
# Visual Studio Version 17
VisualStudioVersion = 17.0.31903.59
MinimumVisualStudioVersion = 10.0.40219.1
Project("{FAE04EC0-301F-11D3-BF4B-00C04F79EFBC}") = "indexer", "indexer\indexer.csproj", "{BB8DC09A-3450-4FEC-9360-0C68EE7C5794}"
EndProject
Project("{FAE04EC0-301F-11D3-BF4B-00C04F79EFBC}") = "operator-overloading", "operator-overloading\operator-overloading.csproj", "{35577233-3C23-4D30-9EE3-D5949887F97F}"
EndProject
Project("{FAE04EC0-301F-11D3-BF4B-00C04F79EFBC}") = "equality-operator-overloading", "equality-operator-overloading\equality-operator-overloading.csproj", "{E2BC7187-002F-4540-9B5A-FB0A4315196E}"
EndProject
Project("{FAE04EC0-301F-11D3-BF4B-00C04F79EFBC}") = "comparison-operator-overloading", "comparison-operator-overloading\comparison-operator-overloading.csproj", "{8C0C634D-4433-434B-87F4-7E3627B5D869}"
EndProject
Project("{FAE04EC0-301F-11D3-BF4B-00C04F79EFBC}") = "custom-conversion-routines", "custom-conversion-routines\custom-conversion-routines.csproj", "{DCAA8E0B-CEC8-49B0-A4DC-63DE5DDFC0CE}"
EndProject
Project("{FAE04EC0-301F-11D3-BF4B-00C04F79EFBC}") = "extension-methods", "extension-methods\extension-methods.csproj", "{219F5FD5-FA3B-4ED7-B3DF-BA3B62A0BE28}"
EndProject
Project("{FAE04EC0-301F-11D3-BF4B-00C04F79EFBC}") = "for-each-extension", "for-each-extension\for-each-extension.csproj", "{82D0B9D9-F191-4AE1-934F-D3D1376A14DF}"
EndProject
Project("{FAE04EC0-301F-11D3-BF4B-00C04F79EFBC}") = "anonymous-type", "anonymous-type\anonymous-type.csproj", "{E574BAD3-535D-42BE-ADB3-C8852BE2AF65}"
EndProject
Project("{FAE04EC0-301F-11D3-BF4B-00C04F79EFBC}") = "pointer-types", "pointer-types\pointer-types.csproj", "{C807C350-F21A-49B3-B8C6-82456E2F0162}"
EndProject
Global
	GlobalSection(SolutionConfigurationPlatforms) = preSolution
		Debug|Any CPU = Debug|Any CPU
		Release|Any CPU = Release|Any CPU
	EndGlobalSection
	GlobalSection(SolutionProperties) = preSolution
		HideSolutionNode = FALSE
	EndGlobalSection
	GlobalSection(ProjectConfigurationPlatforms) = postSolution
		{BB8DC09A-3450-4FEC-9360-0C68EE7C5794}.Debug|Any CPU.ActiveCfg = Debug|Any CPU
		{BB8DC09A-3450-4FEC-9360-0C68EE7C5794}.Debug|Any CPU.Build.0 = Debug|Any CPU
		{BB8DC09A-3450-4FEC-9360-0C68EE7C5794}.Release|Any CPU.ActiveCfg = Release|Any CPU
		{BB8DC09A-3450-4FEC-9360-0C68EE7C5794}.Release|Any CPU.Build.0 = Release|Any CPU
		{35577233-3C23-4D30-9EE3-D5949887F97F}.Debug|Any CPU.ActiveCfg = Debug|Any CPU
		{35577233-3C23-4D30-9EE3-D5949887F97F}.Debug|Any CPU.Build.0 = Debug|Any CPU
		{35577233-3C23-4D30-9EE3-D5949887F97F}.Release|Any CPU.ActiveCfg = Release|Any CPU
		{35577233-3C23-4D30-9EE3-D5949887F97F}.Release|Any CPU.Build.0 = Release|Any CPU
		{E2BC7187-002F-4540-9B5A-FB0A4315196E}.Debug|Any CPU.ActiveCfg = Debug|Any CPU
		{E2BC7187-002F-4540-9B5A-FB0A4315196E}.Debug|Any CPU.Build.0 = Debug|Any CPU
		{E2BC7187-002F-4540-9B5A-FB0A4315196E}.Release|Any CPU.ActiveCfg = Release|Any CPU
		{E2BC7187-002F-4540-9B5A-FB0A4315196E}.Release|Any CPU.Build.0 = Release|Any CPU
		{8C0C634D-4433-434B-87F4-7E3627B5D869}.Debug|Any CPU.ActiveCfg = Debug|Any CPU
		{8C0C634D-4433-434B-87F4-7E3627B5D869}.Debug|Any CPU.Build.0 = Debug|Any CPU
		{8C0C634D-4433-434B-87F4-7E3627B5D869}.Release|Any CPU.ActiveCfg = Release|Any CPU
		{8C0C634D-4433-434B-87F4-7E3627B5D869}.Release|Any CPU.Build.0 = Release|Any CPU
		{DCAA8E0B-CEC8-49B0-A4DC-63DE5DDFC0CE}.Debug|Any CPU.ActiveCfg = Debug|Any CPU
		{DCAA8E0B-CEC8-49B0-A4DC-63DE5DDFC0CE}.Debug|Any CPU.Build.0 = Debug|Any CPU
		{DCAA8E0B-CEC8-49B0-A4DC-63DE5DDFC0CE}.Release|Any CPU.ActiveCfg = Release|Any CPU
		{DCAA8E0B-CEC8-49B0-A4DC-63DE5DDFC0CE}.Release|Any CPU.Build.0 = Release|Any CPU
		{219F5FD5-FA3B-4ED7-B3DF-BA3B62A0BE28}.Debug|Any CPU.ActiveCfg = Debug|Any CPU
		{219F5FD5-FA3B-4ED7-B3DF-BA3B62A0BE28}.Debug|Any CPU.Build.0 = Debug|Any CPU
		{219F5FD5-FA3B-4ED7-B3DF-BA3B62A0BE28}.Release|Any CPU.ActiveCfg = Release|Any CPU
		{219F5FD5-FA3B-4ED7-B3DF-BA3B62A0BE28}.Release|Any CPU.Build.0 = Release|Any CPU
		{82D0B9D9-F191-4AE1-934F-D3D1376A14DF}.Debug|Any CPU.ActiveCfg = Debug|Any CPU
		{82D0B9D9-F191-4AE1-934F-D3D1376A14DF}.Debug|Any CPU.Build.0 = Debug|Any CPU
		{82D0B9D9-F191-4AE1-934F-D3D1376A14DF}.Release|Any CPU.ActiveCfg = Release|Any CPU
		{82D0B9D9-F191-4AE1-934F-D3D1376A14DF}.Release|Any CPU.Build.0 = Release|Any CPU
		{E574BAD3-535D-42BE-ADB3-C8852BE2AF65}.Debug|Any CPU.ActiveCfg = Debug|Any CPU
		{E574BAD3-535D-42BE-ADB3-C8852BE2AF65}.Debug|Any CPU.Build.0 = Debug|Any CPU
		{E574BAD3-535D-42BE-ADB3-C8852BE2AF65}.Release|Any CPU.ActiveCfg = Release|Any CPU
		{E574BAD3-535D-42BE-ADB3-C8852BE2AF65}.Release|Any CPU.Build.0 = Release|Any CPU
		{C807C350-F21A-49B3-B8C6-82456E2F0162}.Debug|Any CPU.ActiveCfg = Debug|Any CPU
		{C807C350-F21A-49B3-B8C6-82456E2F0162}.Debug|Any CPU.Build.0 = Debug|Any CPU
		{C807C350-F21A-49B3-B8C6-82456E2F0162}.Release|Any CPU.ActiveCfg = Release|Any CPU
		{C807C350-F21A-49B3-B8C6-82456E2F0162}.Release|Any CPU.Build.0 = Release|Any CPU
	EndGlobalSection
EndGlobal
